hash: 3f0f8157b55d4de1dbdc67bc16bab0a3e31145961d3cc70ef31e7bc3c75c19ef
updated: 2016-12-29T14:35:28.219763641+08:00
imports:
- name: gopkg.in/mgo.v2
  version: 3f83fa5005286a7fe593b055f0d7771a7dce4655
  subpackages:
  - bson
  - internal/sasl
  - internal/scram
  - internal/json
- name: gopkg.in/redis.v4
  version: c938162545c57136fa59879746bc65d0f1db3d1e
devImports: []
